// !$*UTF8*$!
{
	archiveVersion = 1;
	classes = {
	};
	objectVersion = 55;
	objects = {

/* Begin PBXBuildFile section */
		7A133D9627C84B1C00CC8B61 /* PlatesApp.swift in Sources */ = {isa = PBXBuildFile; fileRef = 7A133D9527C84B1C00CC8B61 /* PlatesApp.swift */; };
		7A133D9827C84B1C00CC8B61 /* MovementListView.swift in Sources */ = {isa = PBXBuildFile; fileRef = 7A133D9727C84B1C00CC8B61 /* MovementListView.swift */; };
		7A133D9A27C84B1E00CC8B61 /* Assets.xcassets in Resources */ = {isa = PBXBuildFile; fileRef = 7A133D9927C84B1E00CC8B61 /* Assets.xcassets */; };
		7A133D9D27C84B1E00CC8B61 /* Preview Assets.xcassets in Resources */ = {isa = PBXBuildFile; fileRef = 7A133D9C27C84B1E00CC8B61 /* Preview Assets.xcassets */; };
		7A133DA427C8566500CC8B61 /* Movement.swift in Sources */ = {isa = PBXBuildFile; fileRef = 7A133DA327C8566500CC8B61 /* Movement.swift */; };
		7A133DA627C8578000CC8B61 /* exercises.json in Resources */ = {isa = PBXBuildFile; fileRef = 7A133DA527C8578000CC8B61 /* exercises.json */; };
		7A133DAA27C8788500CC8B61 /* MovementListViewModel.swift in Sources */ = {isa = PBXBuildFile; fileRef = 7A133DA927C8788500CC8B61 /* MovementListViewModel.swift */; };
		7A133DAC27C87B1E00CC8B61 /* MovementDetailView.swift in Sources */ = {isa = PBXBuildFile; fileRef = 7A133DAB27C87B1E00CC8B61 /* MovementDetailView.swift */; };
		7A185D8327D1A6E900AD02EA /* AddWeightsView.swift in Sources */ = {isa = PBXBuildFile; fileRef = 7A185D8227D1A6E900AD02EA /* AddWeightsView.swift */; };
		7A185D8527D1AB0300AD02EA /* AddWeightsViewModel.swift in Sources */ = {isa = PBXBuildFile; fileRef = 7A185D8427D1AB0300AD02EA /* AddWeightsViewModel.swift */; };
		7A185D8727D1B61700AD02EA /* MyMovementsView.swift in Sources */ = {isa = PBXBuildFile; fileRef = 7A185D8627D1B61700AD02EA /* MyMovementsView.swift */; };
		7A185D8927D1B69600AD02EA /* MyExercises.json in Resources */ = {isa = PBXBuildFile; fileRef = 7A185D8827D1B69600AD02EA /* MyExercises.json */; };
		7A7B99AE27CC27E6005586D3 /* MyWeightsView.swift in Sources */ = {isa = PBXBuildFile; fileRef = 7A7B99AD27CC27E6005586D3 /* MyWeightsView.swift */; };
		7AD37D3927D51F46004C7BD8 /* UserMovement.xcdatamodeld in Sources */ = {isa = PBXBuildFile; fileRef = 7AD37D3727D51F46004C7BD8 /* UserMovement.xcdatamodeld */; };
		7AD37D3B27D51FE6004C7BD8 /* UserMovement.swift in Sources */ = {isa = PBXBuildFile; fileRef = 7AD37D3A27D51FE6004C7BD8 /* UserMovement.swift */; };
/* End PBXBuildFile section */

/* Begin PBXFileReference section */
		7A133D9227C84B1C00CC8B61 /* Plates.app */ = {isa = PBXFileReference; explicitFileType = wrapper.application; includeInIndex = 0; path = Plates.app; sourceTree = BUILT_PRODUCTS_DIR; };
		7A133D9527C84B1C00CC8B61 /* PlatesApp.swift */ = {isa = PBXFileReference; lastKnownFileType = sourcecode.swift; path = PlatesApp.swift; sourceTree = "<group>"; };
		7A133D9727C84B1C00CC8B61 /* MovementListView.swift */ = {isa = PBXFileReference; lastKnownFileType = sourcecode.swift; path = MovementListView.swift; sourceTree = "<group>"; };
		7A133D9927C84B1E00CC8B61 /* Assets.xcassets */ = {isa = PBXFileReference; lastKnownFileType = folder.assetcatalog; path = Assets.xcassets; sourceTree = "<group>"; };
		7A133D9C27C84B1E00CC8B61 /* Preview Assets.xcassets */ = {isa = PBXFileReference; lastKnownFileType = folder.assetcatalog; path = "Preview Assets.xcassets"; sourceTree = "<group>"; };
		7A133DA327C8566500CC8B61 /* Movement.swift */ = {isa = PBXFileReference; lastKnownFileType = sourcecode.swift; path = Movement.swift; sourceTree = "<group>"; };
		7A133DA527C8578000CC8B61 /* exercises.json */ = {isa = PBXFileReference; fileEncoding = 4; lastKnownFileType = text.json; name = exercises.json; path = ../../../Downloads/exercises.json/exercises.json; sourceTree = "<group>"; };
		7A133DA927C8788500CC8B61 /* MovementListViewModel.swift */ = {isa = PBXFileReference; lastKnownFileType = sourcecode.swift; path = MovementListViewModel.swift; sourceTree = "<group>"; };
		7A133DAB27C87B1E00CC8B61 /* MovementDetailView.swift */ = {isa = PBXFileReference; lastKnownFileType = sourcecode.swift; path = MovementDetailView.swift; sourceTree = "<group>"; };
		7A185D8227D1A6E900AD02EA /* AddWeightsView.swift */ = {isa = PBXFileReference; lastKnownFileType = sourcecode.swift; path = AddWeightsView.swift; sourceTree = "<group>"; };
		7A185D8427D1AB0300AD02EA /* AddWeightsViewModel.swift */ = {isa = PBXFileReference; lastKnownFileType = sourcecode.swift; path = AddWeightsViewModel.swift; sourceTree = "<group>"; };
		7A185D8627D1B61700AD02EA /* MyMovementsView.swift */ = {isa = PBXFileReference; lastKnownFileType = sourcecode.swift; path = MyMovementsView.swift; sourceTree = "<group>"; };
		7A185D8827D1B69600AD02EA /* MyExercises.json */ = {isa = PBXFileReference; lastKnownFileType = text.json; path = MyExercises.json; sourceTree = "<group>"; };
		7A7B99AD27CC27E6005586D3 /* MyWeightsView.swift */ = {isa = PBXFileReference; lastKnownFileType = sourcecode.swift; path = MyWeightsView.swift; sourceTree = "<group>"; };
		7AD37D3827D51F46004C7BD8 /* UserMovements.xcdatamodel */ = {isa = PBXFileReference; lastKnownFileType = wrapper.xcdatamodel; path = UserMovements.xcdatamodel; sourceTree = "<group>"; };
		7AD37D3A27D51FE6004C7BD8 /* UserMovement.swift */ = {isa = PBXFileReference; lastKnownFileType = sourcecode.swift; path = UserMovement.swift; sourceTree = "<group>"; };
/* End PBXFileReference section */

/* Begin PBXFrameworksBuildPhase section */
		7A133D8F27C84B1C00CC8B61 /* Frameworks */ = {
			isa = PBXFrameworksBuildPhase;
			buildActionMask = 2147483647;
			files = (
			);
			runOnlyForDeploymentPostprocessing = 0;
		};
/* End PBXFrameworksBuildPhase section */

/* Begin PBXGroup section */
		7A133D8927C84B1C00CC8B61 = {
			isa = PBXGroup;
			children = (
				7A133D9427C84B1C00CC8B61 /* Plates */,
				7A133D9327C84B1C00CC8B61 /* Products */,
			);
			sourceTree = "<group>";
		};
		7A133D9327C84B1C00CC8B61 /* Products */ = {
			isa = PBXGroup;
			children = (
				7A133D9227C84B1C00CC8B61 /* Plates.app */,
			);
			name = Products;
			sourceTree = "<group>";
		};
		7A133D9427C84B1C00CC8B61 /* Plates */ = {
			isa = PBXGroup;
			children = (
				7A133D9527C84B1C00CC8B61 /* PlatesApp.swift */,
				7A6FA9D727CBDBCA00A3E707 /* Views */,
				7A6FA9D627CBDBC200A3E707 /* Models */,
				7A133DA527C8578000CC8B61 /* exercises.json */,
				7A185D8827D1B69600AD02EA /* MyExercises.json */,
				7A133D9927C84B1E00CC8B61 /* Assets.xcassets */,
				7A133D9B27C84B1E00CC8B61 /* Preview Content */,
			);
			path = Plates;
			sourceTree = "<group>";
		};
		7A133D9B27C84B1E00CC8B61 /* Preview Content */ = {
			isa = PBXGroup;
			children = (
				7A133D9C27C84B1E00CC8B61 /* Preview Assets.xcassets */,
			);
			path = "Preview Content";
			sourceTree = "<group>";
		};
		7A6FA9D627CBDBC200A3E707 /* Models */ = {
			isa = PBXGroup;
			children = (
				7A133DA327C8566500CC8B61 /* Movement.swift */,
				7AD37D3A27D51FE6004C7BD8 /* UserMovement.swift */,
				7AD37D3727D51F46004C7BD8 /* UserMovement.xcdatamodeld */,
			);
			path = Models;
			sourceTree = "<group>";
		};
		7A6FA9D727CBDBCA00A3E707 /* Views */ = {
			isa = PBXGroup;
			children = (
				7A133D9727C84B1C00CC8B61 /* MovementListView.swift */,
				7A133DA927C8788500CC8B61 /* MovementListViewModel.swift */,
				7A133DAB27C87B1E00CC8B61 /* MovementDetailView.swift */,
				7A7B99AD27CC27E6005586D3 /* MyWeightsView.swift */,
				7A185D8227D1A6E900AD02EA /* AddWeightsView.swift */,
				7A185D8427D1AB0300AD02EA /* AddWeightsViewModel.swift */,
				7A185D8627D1B61700AD02EA /* MyMovementsView.swift */,
			);
			path = Views;
			sourceTree = "<group>";
		};
/* End PBXGroup section */

/* Begin PBXNativeTarget section */
		7A133D9127C84B1C00CC8B61 /* Plates */ = {
			isa = PBXNativeTarget;
			buildConfigurationList = 7A133DA027C84B1E00CC8B61 /* Build configuration list for PBXNativeTarget "Plates" */;
			buildPhases = (
				7A133D8E27C84B1C00CC8B61 /* Sources */,
				7A133D8F27C84B1C00CC8B61 /* Frameworks */,
				7A133D9027C84B1C00CC8B61 /* Resources */,
			);
			buildRules = (
			);
			dependencies = (
			);
			name = Plates;
			productName = Plates;
			productReference = 7A133D9227C84B1C00CC8B61 /* Plates.app */;
			productType = "com.apple.product-type.application";
		};
/* End PBXNativeTarget section */

/* Begin PBXProject section */
		7A133D8A27C84B1C00CC8B61 /* Project object */ = {
			isa = PBXProject;
			attributes = {
				BuildIndependentTargetsInParallel = 1;
				LastSwiftUpdateCheck = 1320;
				LastUpgradeCheck = 1320;
				TargetAttributes = {
					7A133D9127C84B1C00CC8B61 = {
						CreatedOnToolsVersion = 13.2.1;
					};
				};
			};
			buildConfigurationList = 7A133D8D27C84B1C00CC8B61 /* Build configuration list for PBXProject "Plates" */;
			compatibilityVersion = "Xcode 13.0";
			developmentRegion = en;
			hasScannedForEncodings = 0;
			knownRegions = (
				en,
				Base,
			);
			mainGroup = 7A133D8927C84B1C00CC8B61;
			productRefGroup = 7A133D9327C84B1C00CC8B61 /* Products */;
			projectDirPath = "";
			projectRoot = "";
			targets = (
				7A133D9127C84B1C00CC8B61 /* Plates */,
			);
		};
/* End PBXProject section */

/* Begin PBXResourcesBuildPhase section */
		7A133D9027C84B1C00CC8B61 /* Resources */ = {
			isa = PBXResourcesBuildPhase;
			buildActionMask = 2147483647;
			files = (
				7A133D9D27C84B1E00CC8B61 /* Preview Assets.xcassets in Resources */,
				7A185D8927D1B69600AD02EA /* MyExercises.json in Resources */,
				7A133D9A27C84B1E00CC8B61 /* Assets.xcassets in Resources */,
				7A133DA627C8578000CC8B61 /* exercises.json in Resources */,
			);
			runOnlyForDeploymentPostprocessing = 0;
		};
/* End PBXResourcesBuildPhase section */

/* Begin PBXSourcesBuildPhase section */
		7A133D8E27C84B1C00CC8B61 /* Sources */ = {
			isa = PBXSourcesBuildPhase;
			buildActionMask = 2147483647;
			files = (
				7A133D9827C84B1C00CC8B61 /* MovementListView.swift in Sources */,
				7A133DAC27C87B1E00CC8B61 /* MovementDetailView.swift in Sources */,
				7A133DAA27C8788500CC8B61 /* MovementListViewModel.swift in Sources */,
				7A133D9627C84B1C00CC8B61 /* PlatesApp.swift in Sources */,
				7A185D8527D1AB0300AD02EA /* AddWeightsViewModel.swift in Sources */,
				7A185D8327D1A6E900AD02EA /* AddWeightsView.swift in Sources */,
				7A7B99AE27CC27E6005586D3 /* MyWeightsView.swift in Sources */,
				7AD37D3B27D51FE6004C7BD8 /* UserMovement.swift in Sources */,
				7AD37D3927D51F46004C7BD8 /* UserMovement.xcdatamodeld in Sources */,
				7A133DA427C8566500CC8B61 /* Movement.swift in Sources */,
				7A185D8727D1B61700AD02EA /* MyMovementsView.swift in Sources */,
			);
			runOnlyForDeploymentPostprocessing = 0;
		};
/* End PBXSourcesBuildPhase section */

/* Begin XCBuildConfiguration section */
		7A133D9E27C84B1E00CC8B61 /* Debug */ = {
			isa = XCBuildConfiguration;
			buildSettings = {
				ALWAYS_SEARCH_USER_PATHS = NO;
				CLANG_ANALYZER_NONNULL = YES;
				CLANG_ANALYZER_NUMBER_OBJECT_CONVERSION = YES_AGGRESSIVE;
				CLANG_CXX_LANGUAGE_STANDARD = "gnu++17";
				CLANG_CXX_LIBRARY = "libc++";
				CLANG_ENABLE_MODULES = YES;
				CLANG_ENABLE_OBJC_ARC = YES;
				CLANG_ENABLE_OBJC_WEAK = YES;
				CLANG_WARN_BLOCK_CAPTURE_AUTORELEASING = YES;
				CLANG_WARN_BOOL_CONVERSION = YES;
				CLANG_WARN_COMMA = YES;
				CLANG_WARN_CONSTANT_CONVERSION = YES;
				CLANG_WARN_DEPRECATED_OBJC_IMPLEMENTATIONS = YES;
				CLANG_WARN_DIRECT_OBJC_ISA_USAGE = YES_ERROR;
				CLANG_WARN_DOCUMENTATION_COMMENTS = YES;
				CLANG_WARN_EMPTY_BODY = YES;
				CLANG_WARN_ENUM_CONVERSION = YES;
				CLANG_WARN_INFINITE_RECURSION = YES;
				CLANG_WARN_INT_CONVERSION = YES;
				CLANG_WARN_NON_LITERAL_NULL_CONVERSION = YES;
				CLANG_WARN_OBJC_IMPLICIT_RETAIN_SELF = YES;
				CLANG_WARN_OBJC_LITERAL_CONVERSION = YES;
				CLANG_WARN_OBJC_ROOT_CLASS = YES_ERROR;
				CLANG_WARN_QUOTED_INCLUDE_IN_FRAMEWORK_HEADER = YES;
				CLANG_WARN_RANGE_LOOP_ANALYSIS = YES;
				CLANG_WARN_STRICT_PROTOTYPES = YES;
				CLANG_WARN_SUSPICIOUS_MOVE = YES;
				CLANG_WARN_UNGUARDED_AVAILABILITY = YES_AGGRESSIVE;
				CLANG_WARN_UNREACHABLE_CODE = YES;
				CLANG_WARN__DUPLICATE_METHOD_MATCH = YES;
				COPY_PHASE_STRIP = NO;
				DEBUG_INFORMATION_FORMAT = dwarf;
				ENABLE_STRICT_OBJC_MSGSEND = YES;
				ENABLE_TESTABILITY = YES;
				GCC_C_LANGUAGE_STANDARD = gnu11;
				GCC_DYNAMIC_NO_PIC = NO;
				GCC_NO_COMMON_BLOCKS = YES;
				GCC_OPTIMIZATION_LEVEL = 0;
				GCC_PREPROCESSOR_DEFINITIONS = (
					"DEBUG=1",
					"$(inherited)",
				);
				GCC_WARN_64_TO_32_BIT_CONVERSION = YES;
				GCC_WARN_ABOUT_RETURN_TYPE = YES_ERROR;
				GCC_WARN_UNDECLARED_SELECTOR = YES;
				GCC_WARN_UNINITIALIZED_AUTOS = YES_AGGRESSIVE;
				GCC_WARN_UNUSED_FUNCTION = YES;
				GCC_WARN_UNUSED_VARIABLE = YES;
				IPHONEOS_DEPLOYMENT_TARGET = 15.2;
				MTL_ENABLE_DEBUG_INFO = INCLUDE_SOURCE;
				MTL_FAST_MATH = YES;
				ONLY_ACTIVE_ARCH = YES;
				SDKROOT = iphoneos;
				SWIFT_ACTIVE_COMPILATION_CONDITIONS = DEBUG;
				SWIFT_OPTIMIZATION_LEVEL = "-Onone";
			};
			name = Debug;
		};
		7A133D9F27C84B1E00CC8B61 /* Release */ = {
			isa = XCBuildConfiguration;
			buildSettings = {
				ALWAYS_SEARCH_USER_PATHS = NO;
				CLANG_ANALYZER_NONNULL = YES;
				CLANG_ANALYZER_NUMBER_OBJECT_CONVERSION = YES_AGGRESSIVE;
				CLANG_CXX_LANGUAGE_STANDARD = "gnu++17";
				CLANG_CXX_LIBRARY = "libc++";
				CLANG_ENABLE_MODULES = YES;
				CLANG_ENABLE_OBJC_ARC = YES;
				CLANG_ENABLE_OBJC_WEAK = YES;
				CLANG_WARN_BLOCK_CAPTURE_AUTORELEASING = YES;
				CLANG_WARN_BOOL_CONVERSION = YES;
				CLANG_WARN_COMMA = YES;
				CLANG_WARN_CONSTANT_CONVERSION = YES;
				CLANG_WARN_DEPRECATED_OBJC_IMPLEMENTATIONS = YES;
				CLANG_WARN_DIRECT_OBJC_ISA_USAGE = YES_ERROR;
				CLANG_WARN_DOCUMENTATION_COMMENTS = YES;
				CLANG_WARN_EMPTY_BODY = YES;
				CLANG_WARN_ENUM_CONVERSION = YES;
				CLANG_WARN_INFINITE_RECURSION = YES;
				CLANG_WARN_INT_CONVERSION = YES;
				CLANG_WARN_NON_LITERAL_NULL_CONVERSION = YES;
				CLANG_WARN_OBJC_IMPLICIT_RETAIN_SELF = YES;
				CLANG_WARN_OBJC_LITERAL_CONVERSION = YES;
				CLANG_WARN_OBJC_ROOT_CLASS = YES_ERROR;
				CLANG_WARN_QUOTED_INCLUDE_IN_FRAMEWORK_HEADER = YES;
				CLANG_WARN_RANGE_LOOP_ANALYSIS = YES;
				CLANG_WARN_STRICT_PROTOTYPES = YES;
				CLANG_WARN_SUSPICIOUS_MOVE = YES;
				CLANG_WARN_UNGUARDED_AVAILABILITY = YES_AGGRESSIVE;
				CLANG_WARN_UNREACHABLE_CODE = YES;
				CLANG_WARN__DUPLICATE_METHOD_MATCH = YES;
				COPY_PHASE_STRIP = NO;
				DEBUG_INFORMATION_FORMAT = "dwarf-with-dsym";
				ENABLE_NS_ASSERTIONS = NO;
				ENABLE_STRICT_OBJC_MSGSEND = YES;
				GCC_C_LANGUAGE_STANDARD = gnu11;
				GCC_NO_COMMON_BLOCKS = YES;
				GCC_WARN_64_TO_32_BIT_CONVERSION = YES;
				GCC_WARN_ABOUT_RETURN_TYPE = YES_ERROR;
				GCC_WARN_UNDECLARED_SELECTOR = YES;
				GCC_WARN_UNINITIALIZED_AUTOS = YES_AGGRESSIVE;
				GCC_WARN_UNUSED_FUNCTION = YES;
				GCC_WARN_UNUSED_VARIABLE = YES;
				IPHONEOS_DEPLOYMENT_TARGET = 15.2;
				MTL_ENABLE_DEBUG_INFO = NO;
				MTL_FAST_MATH = YES;
				SDKROOT = iphoneos;
				SWIFT_COMPILATION_MODE = wholemodule;
				SWIFT_OPTIMIZATION_LEVEL = "-O";
				VALIDATE_PRODUCT = YES;
			};
			name = Release;
		};
		7A133DA127C84B1E00CC8B61 /* Debug */ = {
			isa = XCBuildConfiguration;
			buildSettings = {
				ASSETCATALOG_COMPILER_APPICON_NAME = AppIcon;
				ASSETCATALOG_COMPILER_GLOBAL_ACCENT_COLOR_NAME = AccentColor;
				CODE_SIGN_STYLE = Automatic;
				CURRENT_PROJECT_VERSION = 1;
				DEVELOPMENT_ASSET_PATHS = "\"Plates/Preview Content\"";
				DEVELOPMENT_TEAM = HB7PJVTP84;
				ENABLE_PREVIEWS = YES;
				GENERATE_INFOPLIST_FILE = YES;
				INFOPLIST_KEY_UIApplicationSceneManifest_Generation = YES;
				INFOPLIST_KEY_UIApplicationSupportsIndirectInputEvents = YES;
				INFOPLIST_KEY_UILaunchScreen_Generation = YES;
				INFOPLIST_KEY_UISupportedInterfaceOrientations_iPad = "UIInterfaceOrientationPortrait UIInterfaceOrientationPortraitUpsideDown UIInterfaceOrientationLandscapeLeft UIInterfaceOrientationLandscapeRight";
				INFOPLIST_KEY_UISupportedInterfaceOrientations_iPhone = "UIInterfaceOrientationPortrait UIInterfaceOrientationLandscapeLeft UIInterfaceOrientationLandscapeRight";
				LD_RUNPATH_SEARCH_PATHS = (
					"$(inherited)",
					"@executable_path/Frameworks",
				);
				MARKETING_VERSION = 1.0;
				PRODUCT_BUNDLE_IDENTIFIER = com.ansonwan.Plates;
				PRODUCT_NAME = "$(TARGET_NAME)";
				SWIFT_EMIT_LOC_STRINGS = YES;
				SWIFT_VERSION = 5.0;
				TARGETED_DEVICE_FAMILY = "1,2";
			};
			name = Debug;
		};
		7A133DA227C84B1E00CC8B61 /* Release */ = {
			isa = XCBuildConfiguration;
			buildSettings = {
				ASSETCATALOG_COMPILER_APPICON_NAME = AppIcon;
				ASSETCATALOG_COMPILER_GLOBAL_ACCENT_COLOR_NAME = AccentColor;
				CODE_SIGN_STYLE = Automatic;
				CURRENT_PROJECT_VERSION = 1;
				DEVELOPMENT_ASSET_PATHS = "\"Plates/Preview Content\"";
				DEVELOPMENT_TEAM = HB7PJVTP84;
				ENABLE_PREVIEWS = YES;
				GENERATE_INFOPLIST_FILE = YES;
				INFOPLIST_KEY_UIApplicationSceneManifest_Generation = YES;
				INFOPLIST_KEY_UIApplicationSupportsIndirectInputEvents = YES;
				INFOPLIST_KEY_UILaunchScreen_Generation = YES;
				INFOPLIST_KEY_UISupportedInterfaceOrientations_iPad = "UIInterfaceOrientationPortrait UIInterfaceOrientationPortraitUpsideDown UIInterfaceOrientationLandscapeLeft UIInterfaceOrientationLandscapeRight";
				INFOPLIST_KEY_UISupportedInterfaceOrientations_iPhone = "UIInterfaceOrientationPortrait UIInterfaceOrientationLandscapeLeft UIInterfaceOrientationLandscapeRight";
				LD_RUNPATH_SEARCH_PATHS = (
					"$(inherited)",
					"@executable_path/Frameworks",
				);
				MARKETING_VERSION = 1.0;
				PRODUCT_BUNDLE_IDENTIFIER = com.ansonwan.Plates;
				PRODUCT_NAME = "$(TARGET_NAME)";
				SWIFT_EMIT_LOC_STRINGS = YES;
				SWIFT_VERSION = 5.0;
				TARGETED_DEVICE_FAMILY = "1,2";
			};
			name = Release;
		};
/* End XCBuildConfiguration section */

/* Begin XCConfigurationList section */
		7A133D8D27C84B1C00CC8B61 /* Build configuration list for PBXProject "Plates" */ = {
			isa = XCConfigurationList;
			buildConfigurations = (
				7A133D9E27C84B1E00CC8B61 /* Debug */,
				7A133D9F27C84B1E00CC8B61 /* Release */,
			);
			defaultConfigurationIsVisible = 0;
			defaultConfigurationName = Release;
		};
		7A133DA027C84B1E00CC8B61 /* Build configuration list for PBXNativeTarget "Plates" */ = {
			isa = XCConfigurationList;
			buildConfigurations = (
				7A133DA127C84B1E00CC8B61 /* Debug */,
				7A133DA227C84B1E00CC8B61 /* Release */,
			);
			defaultConfigurationIsVisible = 0;
			defaultConfigurationName = Release;
		};
/* End XCConfigurationList section */

/* Begin XCVersionGroup section */
		7AD37D3727D51F46004C7BD8 /* UserMovement.xcdatamodeld */ = {
			isa = XCVersionGroup;
			children = (
				7AD37D3827D51F46004C7BD8 /* UserMovements.xcdatamodel */,
			);
			currentVersion = 7AD37D3827D51F46004C7BD8 /* UserMovements.xcdatamodel */;
			path = UserMovement.xcdatamodeld;
			sourceTree = "<group>";
			versionGroupType = wrapper.xcdatamodel;
		};
/* End XCVersionGroup section */
	};
	rootObject = 7A133D8A27C84B1C00CC8B61 /* Project object */;
}
